
Microsoft Visual Studio Solution File, Format Version 12.00
# Visual Studio Version 16
VisualStudioVersion = 16.0.30406.217
MinimumVisualStudioVersion = 10.0.40219.1
Project("{888888A0-9F3D-457C-B088-3A5042F75D52}") = "MachineLearningEstimativas", "MachineLearningEstimativas\MachineLearningEstimativas.pyproj", "{CF68EFB1-4E96-405B-AF57-17F941695DBE}"
EndProject
Global
	GlobalSection(SolutionConfigurationPlatforms) = preSolution
		Debug|Any CPU = Debug|Any CPU
		Release|Any CPU = Release|Any CPU
	EndGlobalSection
	GlobalSection(ProjectConfigurationPlatforms) = postSolution
		{CF68EFB1-4E96-405B-AF57-17F941695DBE}.Debug|Any CPU.ActiveCfg = Debug|Any CPU
		{CF68EFB1-4E96-405B-AF57-17F941695DBE}.Release|Any CPU.ActiveCfg = Release|Any CPU
	EndGlobalSection
	GlobalSection(SolutionProperties) = preSolution
		HideSolutionNode = FALSE
	EndGlobalSection
	GlobalSection(ExtensibilityGlobals) = postSolution
		SolutionGuid = {7F045429-F07C-4685-BAAC-E4B22B75374C}
	EndGlobalSection
EndGlobal
